<?xml version="1.0" encoding="utf-8"?>
<Project ToolsVersion="4.0" xmlns="http://schemas.microsoft.com/developer/msbuild/2003">
  <ItemGroup>
    <ClCompile Include="Main.cpp" />
  </ItemGroup>
  <ItemGroup>
    <Filter Include="Theora">
      <UniqueIdentifier>{8c0645b9-c235-4ad5-ba92-c9c9cc7a4d8d}</UniqueIdentifier>
    </Filter>
  </ItemGroup>
</Project>