<?xml version="1.0" encoding="utf-8"?>
<Project ToolsVersion="4.0" xmlns:atg="http://atg.xbox.com" xmlns="http://schemas.microsoft.com/developer/msbuild/2003">
  <ItemGroup>
    <Filter Include="Resource Files">
      <UniqueIdentifier>{8e114980-c1a3-4ada-ad7c-83caadf5daeb}</UniqueIdentifier>
      <Extensions>rc;ico;cur;bmp;dlg;rc2;rct;bin;rgs;gif;jpg;jpeg;jpe</Extensions>
    </Filter>
    <Filter Include="Shaders">
      <UniqueIdentifier>{2c3d4c8c-5d1a-459a-a05a-a4e4b608a44e}</UniqueIdentifier>
      <Extensions>fx;fxh;hlsl</Extensions>
    </Filter>
    <Filter Include="BVL">
      <UniqueIdentifier>{1e8aa4b7-d46e-419c-86fb-fb88a1519710}</UniqueIdentifier>
    </Filter>
  </ItemGroup>
  <ItemGroup>
    <None Include="DXUT\Optional\directx.ico">
      <Filter>Resource Files</Filter>
    </None>
  </ItemGroup>
  <ItemGroup>
    <ClCompile Include="Framework.cpp" />
    <ClCompile Include="BandiVideoFileReader.cpp">
      <Filter>BVL</Filter>
    </ClCompile>
    <ClCompile Include="BandiVideoLibrary.cpp">
      <Filter>BVL</Filter>
    </ClCompile>
    <ClCompile Include="BandiVideoSound_DS.cpp">
      <Filter>BVL</Filter>
    </ClCompile>
    <ClCompile Include="BandiVideoSound_NULL.cpp">
      <Filter>BVL</Filter>
    </ClCompile>
    <ClCompile Include="BandiVideoTexture_DX9.cpp">
      <Filter>BVL</Filter>
    </ClCompile>
  </ItemGroup>
  <ItemGroup>
    <Image Include="..\..\assets\Icon\GameIcon.ico">
      <Filter>Resource Files</Filter>
    </Image>
    <Image Include="..\..\assets\directx.ico">
      <Filter>Resource Files</Filter>
    </Image>
    <Image Include="..\..\assets\icon\icon2.ico">
      <Filter>Resource Files</Filter>
    </Image>
  </ItemGroup>
  <ItemGroup>
    <CLInclude Include="resource.h">
      <Filter>Resource Files</Filter>
    </CLInclude>
    <ResourceCompile Include="Framework.rc">
      <Filter>Resource Files</Filter>
    </ResourceCompile>
    <ClInclude Include="BandiVideoFileReader.h">
      <Filter>BVL</Filter>
    </ClInclude>
    <ClInclude Include="BandiVideoLibrary.h">
      <Filter>BVL</Filter>
    </ClInclude>
    <ClInclude Include="BandiVideoSound_DS.h">
      <Filter>BVL</Filter>
    </ClInclude>
    <ClInclude Include="BandiVideoSound_NULL.h">
      <Filter>BVL</Filter>
    </ClInclude>
    <ClInclude Include="BandiVideoTexture.h">
      <Filter>BVL</Filter>
    </ClInclude>
    <ClInclude Include="BandiVideoTexture_DX9.h">
      <Filter>BVL</Filter>
    </ClInclude>
    <ClInclude Include="bandivid.h">
      <Filter>BVL</Filter>
    </ClInclude>
  </ItemGroup>
  <ItemGroup>
  </ItemGroup>
</Project>